
Microsoft Visual Studio Solution File, Format Version 12.00
# Visual Studio Version 17
VisualStudioVersion = 17.11.35222.181
MinimumVisualStudioVersion = 10.0.40219.1
Project("{FAE04EC0-301F-11D3-BF4B-00C04F79EFBC}") = "LAB0", "LAB0\LAB0.csproj", "{DBB8611B-378E-49FF-9AB7-3D886F938726}"
EndProject
Global
	GlobalSection(SolutionConfigurationPlatforms) = preSolution
		Debug|Any CPU = Debug|Any CPU
		Release|Any CPU = Release|Any CPU
	EndGlobalSection
	GlobalSection(ProjectConfigurationPlatforms) = postSolution
		{DBB8611B-378E-49FF-9AB7-3D886F938726}.Debug|Any CPU.ActiveCfg = Debug|Any CPU
		{DBB8611B-378E-49FF-9AB7-3D886F938726}.Debug|Any CPU.Build.0 = Debug|Any CPU
		{DBB8611B-378E-49FF-9AB7-3D886F938726}.Release|Any CPU.ActiveCfg = Release|Any CPU
		{DBB8611B-378E-49FF-9AB7-3D886F938726}.Release|Any CPU.Build.0 = Release|Any CPU
	EndGlobalSection
	GlobalSection(SolutionProperties) = preSolution
		HideSolutionNode = FALSE
	EndGlobalSection
	GlobalSection(ExtensibilityGlobals) = postSolution
		SolutionGuid = {ECCD449A-68B0-45C7-BD97-CD235A4DD634}
	EndGlobalSection
EndGlobal
